github.com/owlpinetech/flatsphere v0.1.1 h1:R7QmdUFDfxsgzuAE+sWAKFhFF4s0fxaS7iWpD4DYL50=
github.com/owlpinetech/flatsphere v0.1.1/go.mod h1:gzHspWe/s3AuFniLlVB0WJEAkplcaKKbfej2/nG80tw=
github.com/owlpinetech/healpix v0.1.3 h1:mF/WxkONpHwsuFq/WwuemtMoHPgW/ou46eoVXbeNh+c=
github.com/owlpinetech/healpix v0.1.3/go.mod h1:WxjRe/70N47ZYHTAxHmyqOT1rnL0NTiyvsjZKzERulE=
github.com/owlpinetech/pixi v0.0.11 h1:S75N6Dd2XjZFioO+gCQqEUGE13Okgt8mHaHO8MRk7VY=
github.com/owlpinetech/pixi v0.0.11/go.mod h1:WsvwjO1Lvdp2dum+R0YCTriZvdhMDJYEUtvpyV1+hLQ=
github.com/rngoodner/gtiff v0.2.1 h1:9lui38EcANf8BOWS3VSvEBwThHePD5mlZXr5zAZKELc=
github.com/rngoodner/gtiff v0.2.1/go.mod h1:ripAFC4AqsD0WRCvlOVavAGdmg259A/fvOK8lwVF3q0=
golang.org/x/exp v0.0.0-20240604190554-fc45aab8b7f8 h1:LoYXNGAShUG3m/ehNk4iFctuhGX/+R1ZpfJ4/ia80JM=
golang.org/x/exp v0.0.0-20240604190554-fc45aab8b7f8/go.mod h1:jj3sYF3dwk5D+ghuXyeI3r5MFf+NT2An6/9dOA95KSI=
