github.com/owlpinetech/pixi v0.0.0-20240602233236-eb9c4c82949f h1:sgQCr5JzJ7JUxP1ILaKHrAeGJ6PkpIj5t5rstG7s/2Q=
github.com/owlpinetech/pixi v0.0.0-20240602233236-eb9c4c82949f/go.mod h1:WsvwjO1Lvdp2dum+R0YCTriZvdhMDJYEUtvpyV1+hLQ=
github.com/owlpinetech/pixi v0.0.1 h1:ZAqWx6kX2g1LqmQOz0HDIgVJR/5Xssqma8VncDLTBXc=
github.com/owlpinetech/pixi v0.0.1/go.mod h1:WsvwjO1Lvdp2dum+R0YCTriZvdhMDJYEUtvpyV1+hLQ=
github.com/owlpinetech/pixi v0.0.2 h1:Oy851FQK+rkQqK6y8om6vRTFO6wt6o/K/NuDErMR4GM=
github.com/owlpinetech/pixi v0.0.2/go.mod h1:WsvwjO1Lvdp2dum+R0YCTriZvdhMDJYEUtvpyV1+hLQ=
github.com/owlpinetech/pixi v0.0.3 h1:LMyTnBsuIaJTt4EvU9H58/HpuoyWwDMcxVTXSJ5Da00=
github.com/owlpinetech/pixi v0.0.3/go.mod h1:WsvwjO1Lvdp2dum+R0YCTriZvdhMDJYEUtvpyV1+hLQ=
github.com/owlpinetech/pixi v0.0.4 h1:2znS5JLDfB2DQWq8+KoVP0fHeVVK7y+z7HPpOs0cWAM=
github.com/owlpinetech/pixi v0.0.4/go.mod h1:WsvwjO1Lvdp2dum+R0YCTriZvdhMDJYEUtvpyV1+hLQ=
github.com/owlpinetech/pixi v0.0.5 h1:6TugXgGt3L7qrgD10s0BrD3wQsxCaB/O5Pi60LN31RQ=
github.com/owlpinetech/pixi v0.0.5/go.mod h1:WsvwjO1Lvdp2dum+R0YCTriZvdhMDJYEUtvpyV1+hLQ=
github.com/owlpinetech/pixi v0.0.6 h1:LsH5eQzCurdOc4RmKiPPIXds7WcQrGK9+e832eYtaVg=
github.com/owlpinetech/pixi v0.0.6/go.mod h1:WsvwjO1Lvdp2dum+R0YCTriZvdhMDJYEUtvpyV1+hLQ=
github.com/owlpinetech/pixi v0.0.7 h1:wnHJppL0QaDXIJkwoZz5NrKT93PDSumy2HkcY3WiDi8=
github.com/owlpinetech/pixi v0.0.7/go.mod h1:WsvwjO1Lvdp2dum+R0YCTriZvdhMDJYEUtvpyV1+hLQ=
github.com/owlpinetech/pixi v0.0.8 h1:Ppu1YGEtjXId4fQL7C5jYNRNE6JVPsuaU21o/jIDON8=
github.com/owlpinetech/pixi v0.0.8/go.mod h1:WsvwjO1Lvdp2dum+R0YCTriZvdhMDJYEUtvpyV1+hLQ=
github.com/owlpinetech/pixi v0.0.9 h1:t45g1vWllsWUbnBCTMt9kn998zCWANB3PuSAZCKc03w=
github.com/owlpinetech/pixi v0.0.9/go.mod h1:WsvwjO1Lvdp2dum+R0YCTriZvdhMDJYEUtvpyV1+hLQ=
github.com/owlpinetech/pixi v0.0.10 h1:fWDkRrH2AZRIX9+bGbUjQbBEZTO1LN+9gEYn205QrPo=
github.com/owlpinetech/pixi v0.0.10/go.mod h1:WsvwjO1Lvdp2dum+R0YCTriZvdhMDJYEUtvpyV1+hLQ=
github.com/owlpinetech/pixi v0.0.11 h1:S75N6Dd2XjZFioO+gCQqEUGE13Okgt8mHaHO8MRk7VY=
github.com/owlpinetech/pixi v0.0.11/go.mod h1:WsvwjO1Lvdp2dum+R0YCTriZvdhMDJYEUtvpyV1+hLQ=
github.com/rngoodner/gtiff v0.2.1 h1:9lui38EcANf8BOWS3VSvEBwThHePD5mlZXr5zAZKELc=
github.com/rngoodner/gtiff v0.2.1/go.mod h1:ripAFC4AqsD0WRCvlOVavAGdmg259A/fvOK8lwVF3q0=
