github.com/owlpinetech/pixi v0.0.16 h1:72Cthfem5k0BOnfrllLFgUzaknp2+5huACadOUGssZg=
github.com/owlpinetech/pixi v0.0.16/go.mod h1:xobGuGnB3roJqjLF+cNiVgiIOOHzZGYM4tyXVqH02P4=
github.com/rngoodner/gtiff v0.2.1 h1:9lui38EcANf8BOWS3VSvEBwThHePD5mlZXr5zAZKELc=
github.com/rngoodner/gtiff v0.2.1/go.mod h1:ripAFC4AqsD0WRCvlOVavAGdmg259A/fvOK8lwVF3q0=
